
Microsoft Visual Studio Solution File, Format Version 12.00
# Visual Studio Version 16
VisualStudioVersion = 16.0.30517.126
MinimumVisualStudioVersion = 10.0.40219.1
Project("{9A19103F-16F7-4668-BE54-9A1E7A4F7556}") = "01-ByteBank", "01-ByteBank\01-ByteBank.csproj", "{8A09A10C-4EF8-4012-ACA1-038433B5084A}"
EndProject
Project("{FAE04EC0-301F-11D3-BF4B-00C04F79EFBC}") = "02-ByteBank", "02-ByteBank\02-ByteBank.csproj", "{C49B85E1-F213-4C40-B255-E5528B7F3421}"
EndProject
Project("{FAE04EC0-301F-11D3-BF4B-00C04F79EFBC}") = "03-ByteBank", "03-ByteBank\03-ByteBank.csproj", "{727BC83B-97C1-4D4A-BBE8-C62A9A0C28C6}"
EndProject
Global
	GlobalSection(SolutionConfigurationPlatforms) = preSolution
		Debug|Any CPU = Debug|Any CPU
		Release|Any CPU = Release|Any CPU
	EndGlobalSection
	GlobalSection(ProjectConfigurationPlatforms) = postSolution
		{8A09A10C-4EF8-4012-ACA1-038433B5084A}.Debug|Any CPU.ActiveCfg = Debug|Any CPU
		{8A09A10C-4EF8-4012-ACA1-038433B5084A}.Debug|Any CPU.Build.0 = Debug|Any CPU
		{8A09A10C-4EF8-4012-ACA1-038433B5084A}.Release|Any CPU.ActiveCfg = Release|Any CPU
		{8A09A10C-4EF8-4012-ACA1-038433B5084A}.Release|Any CPU.Build.0 = Release|Any CPU
		{C49B85E1-F213-4C40-B255-E5528B7F3421}.Debug|Any CPU.ActiveCfg = Debug|Any CPU
		{C49B85E1-F213-4C40-B255-E5528B7F3421}.Debug|Any CPU.Build.0 = Debug|Any CPU
		{C49B85E1-F213-4C40-B255-E5528B7F3421}.Release|Any CPU.ActiveCfg = Release|Any CPU
		{C49B85E1-F213-4C40-B255-E5528B7F3421}.Release|Any CPU.Build.0 = Release|Any CPU
		{727BC83B-97C1-4D4A-BBE8-C62A9A0C28C6}.Debug|Any CPU.ActiveCfg = Debug|Any CPU
		{727BC83B-97C1-4D4A-BBE8-C62A9A0C28C6}.Debug|Any CPU.Build.0 = Debug|Any CPU
		{727BC83B-97C1-4D4A-BBE8-C62A9A0C28C6}.Release|Any CPU.ActiveCfg = Release|Any CPU
		{727BC83B-97C1-4D4A-BBE8-C62A9A0C28C6}.Release|Any CPU.Build.0 = Release|Any CPU
	EndGlobalSection
	GlobalSection(SolutionProperties) = preSolution
		HideSolutionNode = FALSE
	EndGlobalSection
	GlobalSection(ExtensibilityGlobals) = postSolution
		SolutionGuid = {B00EBC00-51AB-4DBE-A469-D4E6EC3F6C7C}
	EndGlobalSection
EndGlobal
