
Microsoft Visual Studio Solution File, Format Version 12.00
# Visual Studio Version 16
VisualStudioVersion = 16.0.30517.126
MinimumVisualStudioVersion = 10.0.40219.1
Project("{FAE04EC0-301F-11D3-BF4B-00C04F79EFBC}") = "1-PrimeiroProjeto", "1-PrimeiroProjeto\1-PrimeiroProjeto.csproj", "{19725EA6-0253-46D9-A4D1-5FE62373B5BC}"
EndProject
Global
	GlobalSection(SolutionConfigurationPlatforms) = preSolution
		Debug|Any CPU = Debug|Any CPU
		Release|Any CPU = Release|Any CPU
	EndGlobalSection
	GlobalSection(ProjectConfigurationPlatforms) = postSolution
		{19725EA6-0253-46D9-A4D1-5FE62373B5BC}.Debug|Any CPU.ActiveCfg = Debug|Any CPU
		{19725EA6-0253-46D9-A4D1-5FE62373B5BC}.Debug|Any CPU.Build.0 = Debug|Any CPU
		{19725EA6-0253-46D9-A4D1-5FE62373B5BC}.Release|Any CPU.ActiveCfg = Release|Any CPU
		{19725EA6-0253-46D9-A4D1-5FE62373B5BC}.Release|Any CPU.Build.0 = Release|Any CPU
	EndGlobalSection
	GlobalSection(SolutionProperties) = preSolution
		HideSolutionNode = FALSE
	EndGlobalSection
	GlobalSection(ExtensibilityGlobals) = postSolution
		SolutionGuid = {554A61CF-5710-46D8-B985-1D7D50E155E6}
	EndGlobalSection
EndGlobal
